
Microsoft Visual Studio Solution File, Format Version 12.00
# Visual Studio Version 17
VisualStudioVersion = 17.3.32922.545
MinimumVisualStudioVersion = 10.0.40219.1
Project("{9A19103F-16F7-4668-BE54-9A1E7A4F7556}") = "Basketball", "Basketball.csproj", "{C3C756DA-0622-4C18-9B43-14296B76DC66}"
EndProject
Global
	GlobalSection(SolutionConfigurationPlatforms) = preSolution
		Debug|Any CPU = Debug|Any CPU
		Release|Any CPU = Release|Any CPU
	EndGlobalSection
	GlobalSection(ProjectConfigurationPlatforms) = postSolution
		{C3C756DA-0622-4C18-9B43-14296B76DC66}.Debug|Any CPU.ActiveCfg = Debug|Any CPU
		{C3C756DA-0622-4C18-9B43-14296B76DC66}.Debug|Any CPU.Build.0 = Debug|Any CPU
		{C3C756DA-0622-4C18-9B43-14296B76DC66}.Release|Any CPU.ActiveCfg = Release|Any CPU
		{C3C756DA-0622-4C18-9B43-14296B76DC66}.Release|Any CPU.Build.0 = Release|Any CPU
	EndGlobalSection
	GlobalSection(SolutionProperties) = preSolution
		HideSolutionNode = FALSE
	EndGlobalSection
	GlobalSection(ExtensibilityGlobals) = postSolution
		SolutionGuid = {6D92D7F1-EF59-4737-9F9B-9B8252F2ABB5}
	EndGlobalSection
EndGlobal
